
Microsoft Visual Studio Solution File, Format Version 12.00
# Visual Studio Version 17
VisualStudioVersion = 17.9.34723.18
MinimumVisualStudioVersion = 10.0.40219.1
Project("{FAE04EC0-301F-11D3-BF4B-00C04F79EFBC}") = "DroneService", "DroneService.csproj", "{D6FD518E-7255-4F8C-979B-A16705960A50}"
EndProject
Global
	GlobalSection(SolutionConfigurationPlatforms) = preSolution
		Debug|Any CPU = Debug|Any CPU
		Release|Any CPU = Release|Any CPU
	EndGlobalSection
	GlobalSection(ProjectConfigurationPlatforms) = postSolution
		{D6FD518E-7255-4F8C-979B-A16705960A50}.Debug|Any CPU.ActiveCfg = Debug|Any CPU
		{D6FD518E-7255-4F8C-979B-A16705960A50}.Debug|Any CPU.Build.0 = Debug|Any CPU
		{D6FD518E-7255-4F8C-979B-A16705960A50}.Release|Any CPU.ActiveCfg = Release|Any CPU
		{D6FD518E-7255-4F8C-979B-A16705960A50}.Release|Any CPU.Build.0 = Release|Any CPU
	EndGlobalSection
	GlobalSection(SolutionProperties) = preSolution
		HideSolutionNode = FALSE
	EndGlobalSection
	GlobalSection(ExtensibilityGlobals) = postSolution
		SolutionGuid = {5FD63C46-BEB8-4F6E-B42C-EAE666DB7669}
	EndGlobalSection
EndGlobal
